version = 1
revision = 3
requires-python = ">=3.14"

[[package]]
name = "pyrefly"
version = "1.1.1"
source = { registry = "https://pypi.org/simple" }
sdist = { url = "https://files.pythonhosted.org/packages/8e/20/976165fa4b1517a1a92f393b3f4d4badabfff1165eff09d4cd4908428183/pyrefly-1.1.1.tar.gz", hash = "sha256:6deda959f8603a7dbdf112c48983e2275b2903cf33c8c739ed65d7e71a4fd520", size = 5880491, upload-time = "2026-06-18T23:45:43.785Z" }
wheels = [
    { url = "https://files.pythonhosted.org/packages/b5/d6/02ba666018c6a1cb4ddfa2db98ada721adddd374db5c29ba47a0bf2637fa/pyrefly-1.1.1-py3-none-macosx_10_12_x86_64.whl", hash = "sha256:f4b8595f91885bc8b5e3c282ab68d1df21201668a84e6508b1e15f2feec0bb8d", size = 13631867, upload-time = "2026-06-18T23:45:13.923Z" },
    { url = "https://files.pythonhosted.org/packages/71/47/7a3457dbbddb513a83cf4fe527d5d5ebda5201a1010ad2a6034030e3e358/pyrefly-1.1.1-py3-none-macosx_11_0_arm64.whl", hash = "sha256:d6b238e1362622d47a6eb5af704fd8b613c94e8c303386efd6350e3da59fecc8", size = 13075304, upload-time = "2026-06-18T23:45:16.865Z" },
    { url = "https://files.pythonhosted.org/packages/84/df/70f4b3f42d58ed686a80df31e04eca54d88036cea4f9b96195c64ad0b2b5/pyrefly-1.1.1-py3-none-manylinux_2_17_aarch64.manylinux2014_aarch64.whl", hash = "sha256:b50d4510e4f8aaea79e2c4b343a4d7a060c9451c0b2aa9bfe10d7ca1ef33d68d", size = 13446966, upload-time = "2026-06-18T23:45:19.644Z" },
    { url = "https://files.pythonhosted.org/packages/3c/53/12a19bd6c7af985bcbc13c6910d0f9f6684069ead2282a5c08c2bfbb5d03/pyrefly-1.1.1-py3-none-manylinux_2_17_i686.manylinux2014_i686.whl", hash = "sha256:f330cf039ef3da3b910c84f3a7e431f0cf8d0c1d2dad26491d6cadf3c7cd4759", size = 14449222, upload-time = "2026-06-18T23:45:22.252Z" },
    { url = "https://files.pythonhosted.org/packages/93/f0/e55c48a50076fc0f9ecf4bdedec50456db383e01162f5e2121f8468be071/pyrefly-1.1.1-py3-none-manylinux_2_17_ppc64le.manylinux2014_ppc64le.whl", hash = "sha256:a6342d87c52b04f72156da04f554c4d57f3616f2b32d1763969efb22d05a1407", size = 14472947, upload-time = "2026-06-18T23:45:24.858Z" },
    { url = "https://files.pythonhosted.org/packages/b6/e7/30e085b31fed978ecb675bdbb54df566673ab550469e5af2d350f6af0be6/pyrefly-1.1.1-py3-none-manylinux_2_17_x86_64.manylinux2014_x86_64.whl", hash = "sha256:c08b814ad03175e9cf47111390537161828b472044c39ab3320252b3ac6b2edd", size = 13975252, upload-time = "2026-06-18T23:45:27.247Z" },
    { url = "https://files.pythonhosted.org/packages/47/58/49c3e67641133d3fe5d8d9a660dc0826c6c37ca197d86cad05fa7dd8bfd6/pyrefly-1.1.1-py3-none-musllinux_1_2_aarch64.whl", hash = "sha256:d50cad97f19fc893b04deff7239626cffff5dd27ffb29b7d303a1b770247b208", size = 13471780, upload-time = "2026-06-18T23:45:29.775Z" },
    { url = "https://files.pythonhosted.org/packages/71/1e/65a7ba8355e2c39d8331832905fb74dcc85fc122a3f1dfd6dbf2a88907ad/pyrefly-1.1.1-py3-none-musllinux_1_2_x86_64.whl", hash = "sha256:2150b450ee6a6bcbe69b2d45d9a4ebc934a609e1abcf65e490433f38eb873d84", size = 13989306, upload-time = "2026-06-18T23:45:32.576Z" },
    { url = "https://files.pythonhosted.org/packages/37/de/b7ee1ab2392c36945738246fba7524439810befa3cfcc03cb6157567fc10/pyrefly-1.1.1-py3-none-win32.whl", hash = "sha256:5ffd8a8ed62fe4e6bf0afe1837d1bad149bb3b9f80e928ef248c96b836db3742", size = 12608469, upload-time = "2026-06-18T23:45:35.419Z" },
    { url = "https://files.pythonhosted.org/packages/a6/9c/a0f5b52934bf80e9c7eff08222e7caf318287b9aef76acb8d9ac5740581b/pyrefly-1.1.1-py3-none-win_amd64.whl", hash = "sha256:4e0430f3ef69c8ac73505fd6584db70ed504665a9f0816fef7f723de510f26cb", size = 13502172, upload-time = "2026-06-18T23:45:38.375Z" },
    { url = "https://files.pythonhosted.org/packages/42/3d/4c6bcb3d456835f51445d3662a428f56c3ea5643ec798c577030ae34298c/pyrefly-1.1.1-py3-none-win_arm64.whl", hash = "sha256:83baf0db71e172665db1fca0ced50b8f7773f5192ca57e8ac6773a772b6d2fc5", size = 12895979, upload-time = "2026-06-18T23:45:41.026Z" },
]

[[package]]
name = "ruff"
version = "0.15.22"
source = { registry = "https://pypi.org/simple" }
sdist = { url = "https://files.pythonhosted.org/packages/3a/06/ae069393fc66e8ff33036d4b368003833bf6e88ccf182e17e7a2f1c754fd/ruff-0.15.22.tar.gz", hash = "sha256:3f15175b1fb580126f58285a5dae6b2ea89000136d980c64499211f116b54809", size = 4785063, upload-time = "2026-07-16T15:14:13.244Z" }
wheels = [
    { url = "https://files.pythonhosted.org/packages/23/18/ee54b7ae1e121be7a28ea6da4b67564ebb0530e183a54415ab7e3bcd2c4e/ruff-0.15.22-py3-none-linux_armv6l.whl", hash = "sha256:44423e73493737f5e7c5b41d475483898ff37afcdae38bc3da5085e29af1c2d8", size = 10781258, upload-time = "2026-07-16T15:13:19.452Z" },
    { url = "https://files.pythonhosted.org/packages/2f/d2/2520cb14761ddbeaf57642a76942fc36adcbdbe53b4532241995f6fc485c/ruff-0.15.22-py3-none-macosx_10_12_x86_64.whl", hash = "sha256:b82c6482946e9eda7ff2e091d25b8bad3f718684e1916d41bd56873cee05b697", size = 10999477, upload-time = "2026-07-16T15:13:23.318Z" },
    { url = "https://files.pythonhosted.org/packages/c9/10/74e53572aa758dfaa678c2a2646b5c5515d884b7ca56be4d2ce03ca4b560/ruff-0.15.22-py3-none-macosx_11_0_arm64.whl", hash = "sha256:11c1c715af53a09f714e011106bffc419751ec8232fcb5da42173284ea3fec6f", size = 10466716, upload-time = "2026-07-16T15:13:26.162Z" },
    { url = "https://files.pythonhosted.org/packages/1e/cc/44eaaf0844e028182f2d0a8f2190d0f359159aed0a9e5ab861d892f1ae2a/ruff-0.15.22-py3-none-manylinux_2_17_aarch64.manylinux2014_aarch64.whl", hash = "sha256:742a29cf29bddb7c8327895d6a10e0e6c5b38a96dd407af9b5d0857f809c0576", size = 10892644, upload-time = "2026-07-16T15:13:29.229Z" },
    { url = "https://files.pythonhosted.org/packages/9f/21/8edf559014d2b0f82beea19cfb713993ad802ccda16868769979c6090a84/ruff-0.15.22-py3-none-manylinux_2_17_armv7l.manylinux2014_armv7l.whl", hash = "sha256:72af58b951b0ae395935ae79763dc349bc0eb706319d28f7a33ad2cfb3cfc178", size = 10576719, upload-time = "2026-07-16T15:13:32.35Z" },
    { url = "https://files.pythonhosted.org/packages/bf/1e/3a13abd392a3b50b62e5938a831f9ab6e588358cacad5c18545b716d2182/ruff-0.15.22-py3-none-manylinux_2_17_i686.manylinux2014_i686.whl", hash = "sha256:62d425005c1835eb24e2ee4161cb90e8db263415f4a71c8c72c33abaa6c0c224", size = 11376494, upload-time = "2026-07-16T15:13:35.958Z" },
    { url = "https://files.pythonhosted.org/packages/bf/3e/422d3d95bcf04dd78e1aeac22184d4f9a8fb2c01865d39d44618484a0317/ruff-0.15.22-py3-none-manylinux_2_17_ppc64le.manylinux2014_ppc64le.whl", hash = "sha256:e8b9b3f8779a4f08c969defc3c8c35abffaa757e601ed5ae66d6d1db6519969a", size = 12208370, upload-time = "2026-07-16T15:13:39.185Z" },
    { url = "https://files.pythonhosted.org/packages/1e/91/5d065a0e0a02bf4813f5119ad278462eed081d2b832eb7c021ade0ec9e65/ruff-0.15.22-py3-none-manylinux_2_17_s390x.manylinux2014_s390x.whl", hash = "sha256:1e0dd1b2e4d3d585f897a0d137cbf4eaf6223bef4e8ce34d6bb12556c5f9249e", size = 11581098, upload-time = "2026-07-16T15:13:42.132Z" },
    { url = "https://files.pythonhosted.org/packages/f6/f9/a0d4871d12fae702eb1f41b686caf05f1f8b124dc6db6f784f53d74918fa/ruff-0.15.22-py3-none-manylinux_2_17_x86_64.manylinux2014_x86_64.whl", hash = "sha256:365523eb91d9224e1bcb03b022fbf0facb8f9e23792a2c53d9d4b3924bdbdebb", size = 11399422, upload-time = "2026-07-16T15:13:45.2Z" },
    { url = "https://files.pythonhosted.org/packages/18/80/c843a5176cddbceb0b7e8dd41cf9993490796c1c469348d384f5a5c13c56/ruff-0.15.22-py3-none-manylinux_2_31_riscv64.whl", hash = "sha256:fabfd168afdf29fee5be98b831efa9683c94d7c5a3b58b9ce5a2e38444589a74", size = 11381683, upload-time = "2026-07-16T15:13:48.46Z" },
    { url = "https://files.pythonhosted.org/packages/d4/00/8485de0ae92239438a36cfc51350db9b9e85c9ebdfaea91b18e422706662/ruff-0.15.22-py3-none-musllinux_1_2_aarch64.whl", hash = "sha256:225dbf095a87f1d9f90f5fd7924d2613ee452a75a4308c63a8f50f761787aa7c", size = 10850295, upload-time = "2026-07-16T15:13:51.655Z" },
    { url = "https://files.pythonhosted.org/packages/fa/91/24977ec2ec72eaf15e4394ace2959fdff2dd1e14f03e005e838023407169/ruff-0.15.22-py3-none-musllinux_1_2_armv7l.whl", hash = "sha256:1877d63b9d24ed278744f1523fd11b85540566d54641f97c566d7d9dc5ca5296", size = 10579640, upload-time = "2026-07-16T15:13:54.79Z" },
    { url = "https://files.pythonhosted.org/packages/9c/47/9b51216951974df1f263ac19da550d34252e0ed7218c25f10c5ef9ed7517/ruff-0.15.22-py3-none-musllinux_1_2_i686.whl", hash = "sha256:a1606c510bd7215680d32efab38965f7cdec3ef69f5170a3f4791404ffdd5262", size = 11105077, upload-time = "2026-07-16T15:13:57.915Z" },
    { url = "https://files.pythonhosted.org/packages/c2/47/20e9d4a3b8016778acea5fc32bb50d35d207500a17ddb529ffa6996feef8/ruff-0.15.22-py3-none-musllinux_1_2_x86_64.whl", hash = "sha256:630479b18625f5ffc373f77603a22a9f8ac0acd7ff0501178b5db28ec71e9c64", size = 11490980, upload-time = "2026-07-16T15:14:01.032Z" },
    { url = "https://files.pythonhosted.org/packages/4d/76/3f72d8fc38c1cb77b38c56a70da9d0c17700cc1cc50f9649c9d3c8f5ba71/ruff-0.15.22-py3-none-win32.whl", hash = "sha256:e5ba0e4a13fd14abbed2a77b517a3911290c6c6c59ef67784328d1668fab76cf", size = 10789165, upload-time = "2026-07-16T15:14:04.16Z" },
    { url = "https://files.pythonhosted.org/packages/cb/46/4965251734c2b6fcdca1b1b187d20bcac3af0ee5b083b89c910bb961ce3a/ruff-0.15.22-py3-none-win_amd64.whl", hash = "sha256:9be63ba1eb936acd2d1342fb8337c356353706fce233b2a15a09a97037e6acde", size = 11938297, upload-time = "2026-07-16T15:14:07.316Z" },
    { url = "https://files.pythonhosted.org/packages/57/c9/e69b1ff4c8b69093ef08b8919ab767af0569666865b39c30a8795d88d3c6/ruff-0.15.22-py3-none-win_arm64.whl", hash = "sha256:e1168075b72158510839f250027659cdd78476f40507dd517892304c41318661", size = 11298172, upload-time = "2026-07-16T15:14:10.51Z" },
]

[[package]]
name = "skills"
version = "0.1.0"
source = { virtual = "." }

[package.dev-dependencies]
dev = [
    { name = "pyrefly" },
    { name = "ruff" },
    { name = "websockets" },
]

[package.metadata]

[package.metadata.requires-dev]
dev = [
    { name = "pyrefly", specifier = ">=1.1.1" },
    { name = "ruff", specifier = ">=0.15.22" },
    { name = "websockets", specifier = ">=16.1" },
]

[[package]]
name = "websockets"
version = "16.1"
source = { registry = "https://pypi.org/simple" }
sdist = { url = "https://files.pythonhosted.org/packages/8c/02/b9a097e1e16fee4e2fd1ec8c39f6a9c5d6257bae8fa12640caf869f54436/websockets-16.1.tar.gz", hash = "sha256:299468cbe42e2b9981134c7c51d99387d8a7bf562b00183b3eec53f882846dad", size = 182530, upload-time = "2026-07-10T06:32:57.734Z" }
wheels = [
    { url = "https://files.pythonhosted.org/packages/8d/e6/da1dc11507f8118145a81c751fe0c77e5e1c11b8554496addb39389e2dc2/websockets-16.1-cp314-cp314-macosx_10_15_universal2.whl", hash = "sha256:f881fca0a45dd6789939bd6637cd98169b92f1c3fdc78262f2cb9ec2cb1f324e", size = 179833, upload-time = "2026-07-10T06:31:58.19Z" },
    { url = "https://files.pythonhosted.org/packages/6e/ac/c0d46f62e31e232487b2c123bc3cfd9a4e45684ca7dc0c37f0987f29baae/websockets-16.1-cp314-cp314-macosx_10_15_x86_64.whl", hash = "sha256:30c379d5b207d3a7f0ba4c2e4602a895b0bcc63fb5f5371a4ae7fbddb03b672b", size = 177524, upload-time = "2026-07-10T06:31:59.563Z" },
    { url = "https://files.pythonhosted.org/packages/4a/33/abd966074b34a51e4f134e0aaed80f5a4a0a35163ea5ac58a1bc5a076d23/websockets-16.1-cp314-cp314-macosx_11_0_arm64.whl", hash = "sha256:98ab58a4faa72b46da0127ccc1931dcbfc0985b0778892300a092185910c4cbe", size = 177743, upload-time = "2026-07-10T06:32:00.959Z" },
    { url = "https://files.pythonhosted.org/packages/ea/30/646e47b8a8dff04e227bdab512e6dde60663a647eeac7bbd6edddd92bbc5/websockets-16.1-cp314-cp314-manylinux1_x86_64.manylinux_2_28_x86_64.manylinux_2_5_x86_64.whl", hash = "sha256:8e9c4e369fc181b2d41a99e01477215cecdc8546a39f7d41a59cc0a7065a0b09", size = 187474, upload-time = "2026-07-10T06:32:02.54Z" },
    { url = "https://files.pythonhosted.org/packages/d2/72/890ab9d77494af93ea65268230bfbc0a90ba789401ed7a44356a44785644/websockets-16.1-cp314-cp314-manylinux2014_aarch64.manylinux_2_17_aarch64.manylinux_2_28_aarch64.whl", hash = "sha256:0704df094b2d5fa7f6f410925a594c2a5c9a09167731a76292e5410934208209", size = 188717, upload-time = "2026-07-10T06:32:04.156Z" },
    { url = "https://files.pythonhosted.org/packages/d5/aa/baedbbaa6bf9ed6029617ed5e8976535bd805f483ca9b3484e7ad9ee08bf/websockets-16.1-cp314-cp314-manylinux2014_armv7l.manylinux_2_17_armv7l.manylinux_2_31_armv7l.whl", hash = "sha256:b22b1f4950f6ab7126623329c3b47b3b90a14c05db517f2db2a026ad6c928352", size = 190090, upload-time = "2026-07-10T06:32:05.822Z" },
    { url = "https://files.pythonhosted.org/packages/52/4f/d813ec94e18002571ef4959d87a630eff6e01b72a51bcb0832b75ae8c51a/websockets-16.1-cp314-cp314-manylinux2014_ppc64le.manylinux_2_17_ppc64le.manylinux_2_28_ppc64le.whl", hash = "sha256:1ae4a686a662964a6671069f84f7f908cc3475e782227726b0c622c715962105", size = 189320, upload-time = "2026-07-10T06:32:07.223Z" },
    { url = "https://files.pythonhosted.org/packages/b8/3c/8ec52a6662f3df64090fba28cd521d405d54759268d8e820477037e8c80d/websockets-16.1-cp314-cp314-manylinux2014_s390x.manylinux_2_17_s390x.manylinux_2_28_s390x.whl", hash = "sha256:856bdd638f8277f86465057bfdd4da097c73058fb0f9d2bd5baea29e2bf2d367", size = 188068, upload-time = "2026-07-10T06:32:08.586Z" },
    { url = "https://files.pythonhosted.org/packages/96/7f/f0ae6042b14f86fa5f996c6563ea4cf107adc036ccbedc9d4f418d0095f9/websockets-16.1-cp314-cp314-manylinux_2_31_riscv64.manylinux_2_39_riscv64.whl", hash = "sha256:9003a1fde1c21a322a3ca3fa0c4bda8c639da81dbc925162766086643b05ba87", size = 185493, upload-time = "2026-07-10T06:32:09.968Z" },
    { url = "https://files.pythonhosted.org/packages/89/ad/5ffc53af9939c49fd653d147fa5b8f78ced1f6bce6c49a7446860945b0ce/websockets-16.1-cp314-cp314-musllinux_1_2_aarch64.whl", hash = "sha256:39e947b1f5fdab045174306e3916785bf3ed537648acc1549827c08c33b10953", size = 188141, upload-time = "2026-07-10T06:32:11.434Z" },
    { url = "https://files.pythonhosted.org/packages/67/62/729206c0ee577a4db8eae6dd06e0eef725a1287c6df11b2ef831d003df31/websockets-16.1-cp314-cp314-musllinux_1_2_armv7l.whl", hash = "sha256:5dd0e666b5931c0509cf65714686a1c5126771e663a79ac5d40da4f58b1f9502", size = 186653, upload-time = "2026-07-10T06:32:12.845Z" },
    { url = "https://files.pythonhosted.org/packages/1b/86/e8806a99ec4589914f255e6b658853fe537bf359c05e6ba5762ad9c27917/websockets-16.1-cp314-cp314-musllinux_1_2_ppc64le.whl", hash = "sha256:a0285df7925657ad65a65fb8dc330808bce082827538fd50ef45fa12d1fc5bca", size = 188614, upload-time = "2026-07-10T06:32:14.236Z" },
    { url = "https://files.pythonhosted.org/packages/89/38/ac554e2fc6ff0b8deeff9798b92e7abd8f99e2bd9731532e7033de208220/websockets-16.1-cp314-cp314-musllinux_1_2_riscv64.whl", hash = "sha256:82d1c2cab3c133e9d059b3a5420bed9376bd30e21c185c63dda4ddadf6ddda47", size = 186165, upload-time = "2026-07-10T06:32:15.626Z" },
    { url = "https://files.pythonhosted.org/packages/6c/c5/4ef4d8e53342f94f3c49e1ae089b32c1e8b3878e15e0022c7708c647f351/websockets-16.1-cp314-cp314-musllinux_1_2_s390x.whl", hash = "sha256:c39907f1eaf11f6277def65aa02d68f30576b693d0c1ca332aafa3caa723ac6d", size = 187119, upload-time = "2026-07-10T06:32:17.114Z" },
    { url = "https://files.pythonhosted.org/packages/3a/33/4788b1dd417bd97eeb2698af3b9df6775ac656f96e9987da0419a067602f/websockets-16.1-cp314-cp314-musllinux_1_2_x86_64.whl", hash = "sha256:45c5ea55446171949eb99fd34b771ceddd511ca21958d40d0197ced33159e5ee", size = 187411, upload-time = "2026-07-10T06:32:18.629Z" },
    { url = "https://files.pythonhosted.org/packages/30/38/00d37aad6dc3244ce349e2864815362e50b3cfc00cac28d216db20efe40f/websockets-16.1-cp314-cp314-win32.whl", hash = "sha256:b8ef8b1c8d6bd029a475ac432e730fba2dfd456715d26c473e2a82291024b99c", size = 179822, upload-time = "2026-07-10T06:32:20.233Z" },
    { url = "https://files.pythonhosted.org/packages/9d/37/2a8cb0eaddee5eaebda47a90a3ba0898d1ce3d866b02a4857fea17d82e5b/websockets-16.1-cp314-cp314-win_amd64.whl", hash = "sha256:7358ff21632b5d062707f73e859c824f1c3807e73d8ca25e71caca7c4cdcf145", size = 180167, upload-time = "2026-07-10T06:32:21.749Z" },
    { url = "https://files.pythonhosted.org/packages/07/5a/262ad5fcaef4198997b165060f09a63f861e76939b1786ab546ccc3f8120/websockets-16.1-cp314-cp314t-macosx_10_15_universal2.whl", hash = "sha256:d0f38f4c3e9b359e257c339c2cc1967ccaeedb102e57c1c986bdce4bf4f32268", size = 180166, upload-time = "2026-07-10T06:32:23.278Z" },
    { url = "https://files.pythonhosted.org/packages/1a/c7/36377db690f4292826e4501a6dec2801dc55fd1cf0405923b04937e478df/websockets-16.1-cp314-cp314t-macosx_10_15_x86_64.whl", hash = "sha256:3c3d2cbd1602593bad49bd86fa3fbb25407d87a3b4bf8857c0ac5ac4914e1901", size = 177697, upload-time = "2026-07-10T06:32:25.164Z" },
    { url = "https://files.pythonhosted.org/packages/fa/c7/07171abce1e39799a76f473608580fe98bd43a1230f5146159622c02bccf/websockets-16.1-cp314-cp314t-macosx_11_0_arm64.whl", hash = "sha256:36069b74671e7e667f48a7484249f84c45a825a134c8b1bdc01875d0daa10d79", size = 177902, upload-time = "2026-07-10T06:32:26.564Z" },
    { url = "https://files.pythonhosted.org/packages/14/17/c831f48e250bc4749f57c00dcce73337c41cd32f6d59a64567b84e782601/websockets-16.1-cp314-cp314t-manylinux1_x86_64.manylinux_2_28_x86_64.manylinux_2_5_x86_64.whl", hash = "sha256:587f83c2ce8a5d628e166384d77fa7f0ac69b9007d515ab442123e6615aa8da3", size = 187766, upload-time = "2026-07-10T06:32:27.981Z" },
    { url = "https://files.pythonhosted.org/packages/2c/2e/4dfe63e245b0ecfaf470cf082d25c6ce35808159135fd88c82653a6b11ab/websockets-16.1-cp314-cp314t-manylinux2014_aarch64.manylinux_2_17_aarch64.manylinux_2_28_aarch64.whl", hash = "sha256:4a6db7972d52bc1b66cefe2246902e256cbaebc9ba8a45eac09343d7eb6671b2", size = 188939, upload-time = "2026-07-10T06:32:29.365Z" },
    { url = "https://files.pythonhosted.org/packages/ba/e5/5faf65aebd9562f6b4bc473d24ce38cc56f84eb5f5bee66ed9b86733f93c/websockets-16.1-cp314-cp314t-manylinux2014_armv7l.manylinux_2_17_armv7l.manylinux_2_31_armv7l.whl", hash = "sha256:e7d6014888a0632e1ed7a4095248bb3095232999447f2d83bfb1900987dd9ed9", size = 191081, upload-time = "2026-07-10T06:32:30.868Z" },
    { url = "https://files.pythonhosted.org/packages/49/cd/2634f2f2c0556c1aae6501ed6840019cc569dd6fdbcac6494378daea4dc0/websockets-16.1-cp314-cp314t-manylinux2014_ppc64le.manylinux_2_17_ppc64le.manylinux_2_28_ppc64le.whl", hash = "sha256:9cb074d150e4ad2a77aa8a332c2be85f3f64f2681519d2570c1225c12c9821ff", size = 189513, upload-time = "2026-07-10T06:32:32.399Z" },
    { url = "https://files.pythonhosted.org/packages/59/bb/2c700b51196104f09715b326b1f092ed25326bdf79a03e00a4842e503743/websockets-16.1-cp314-cp314t-manylinux2014_s390x.manylinux_2_17_s390x.manylinux_2_28_s390x.whl", hash = "sha256:d19c9067e1fe9490f974bffbc0e443b80a7674c5efb4980c429cc00771f07c5a", size = 188240, upload-time = "2026-07-10T06:32:33.897Z" },
    { url = "https://files.pythonhosted.org/packages/f1/20/86283636e499a1a357fa9441f690ba34f255e731f2fea174132b3b762b57/websockets-16.1-cp314-cp314t-manylinux_2_31_riscv64.manylinux_2_39_riscv64.whl", hash = "sha256:d440ff0c6c7469ad59c0a412c383c235935b43635e89425e3f6a0c36de90c31b", size = 185955, upload-time = "2026-07-10T06:32:35.279Z" },
    { url = "https://files.pythonhosted.org/packages/91/23/d7fb734b0095d43bc7f1c9f68afd50adb4176e7e513403e8c70ad7daa4fa/websockets-16.1-cp314-cp314t-musllinux_1_2_aarch64.whl", hash = "sha256:8613129a2533f08de24505e69a3e403cedaadae49abdb043c4d170ca71b7e4bd", size = 188491, upload-time = "2026-07-10T06:32:36.673Z" },
    { url = "https://files.pythonhosted.org/packages/6a/5e/168a192689db468405ecf3b8e4a2c18811936b0724d017ad7e6d252734f0/websockets-16.1-cp314-cp314t-musllinux_1_2_armv7l.whl", hash = "sha256:a5bf9c23f197b4ec88290fd5463f33db67362a1bb10f85fc2e8e7627f0ddab97", size = 186983, upload-time = "2026-07-10T06:32:38.207Z" },
    { url = "https://files.pythonhosted.org/packages/7e/9b/66795fa91ebe49019ebe4fa910282172252e37046b80e08fc52e0c365150/websockets-16.1-cp314-cp314t-musllinux_1_2_ppc64le.whl", hash = "sha256:520b0fd0395f075febb283c76755af724ab9fd19dffa4f3bfd18cb4e622790a3", size = 188890, upload-time = "2026-07-10T06:32:39.545Z" },
    { url = "https://files.pythonhosted.org/packages/5a/32/126bbc844be5afb3613fd43211dac10a9645f4cf39741d04acaa2ec7030c/websockets-16.1-cp314-cp314t-musllinux_1_2_riscv64.whl", hash = "sha256:7143aa09a67e1c013be44e81a88dfe90fc6244198ab86c7edd064152cf619805", size = 186583, upload-time = "2026-07-10T06:32:41.038Z" },
    { url = "https://files.pythonhosted.org/packages/22/b9/0b5db9cbcf6e4970db4496893244a8d92e07f71a8ef27cf34b08aa02fef1/websockets-16.1-cp314-cp314t-musllinux_1_2_s390x.whl", hash = "sha256:7acb811fad08e611755800d1560e395c67e11a6bd563598ea6abb319afb86938", size = 187353, upload-time = "2026-07-10T06:32:42.501Z" },
    { url = "https://files.pythonhosted.org/packages/99/2e/254b2131a10d831b76e2c18dfe7add9729c6292c674a8085bf8de01ad151/websockets-16.1-cp314-cp314t-musllinux_1_2_x86_64.whl", hash = "sha256:c5cf88e3faa2f7931bc6baeee7599c97656a3f6ac7f831f4fccba233e141783a", size = 187784, upload-time = "2026-07-10T06:32:43.929Z" },
    { url = "https://files.pythonhosted.org/packages/21/dc/e7288aa8e3ac5a88a0924619984d663c1abf2a87d0ea98290c66fdaee0ec/websockets-16.1-cp314-cp314t-win32.whl", hash = "sha256:589f8842521c8307684ce0b40ce4ad70c5e0aa46484c6f1225a94ef4b8970341", size = 179947, upload-time = "2026-07-10T06:32:45.495Z" },
    { url = "https://files.pythonhosted.org/packages/d3/de/37edf1260ff0fbbd2f82433489c4cfbe799ac2ff21355331609879329fe6/websockets-16.1-cp314-cp314t-win_amd64.whl", hash = "sha256:2c0e0857c30bbbc2bb5c30687508f0b7ec19aa026cd9f2ff8424d0fee42dcc07", size = 180291, upload-time = "2026-07-10T06:32:47.119Z" },
    { url = "https://files.pythonhosted.org/packages/66/58/bd83247f39ddc26ffc2c24eb05087a3b749e00cb4509fc6d19daa23c8495/websockets-16.1-py3-none-any.whl", hash = "sha256:c5149dfe490ec7e5ee5dbf624c642fb725f93a5575c7f00ab594ca9eddb8dd81", size = 174031, upload-time = "2026-07-10T06:32:56.079Z" },
]
